
Microsoft Visual Studio Solution File, Format Version 12.00
# Visual Studio 15
VisualStudioVersion = 15.0.28307.271
MinimumVisualStudioVersion = 10.0.40219.1
Project("{FAE04EC0-301F-11D3-BF4B-00C04F79EFBC}") = "MVCCoreStarterKit", "MVCCoreStarterKit\MVCCoreStarterKit.csproj", "{96F1D9B8-EFBF-448D-A38C-4A42EC6183EF}"
EndProject
Global
	GlobalSection(SolutionConfigurationPlatforms) = preSolution
		Debug|Any CPU = Debug|Any CPU
		Release|Any CPU = Release|Any CPU
	EndGlobalSection
	GlobalSection(ProjectConfigurationPlatforms) = postSolution
		{96F1D9B8-EFBF-448D-A38C-4A42EC6183EF}.Debug|Any CPU.ActiveCfg = Debug|Any CPU
		{96F1D9B8-EFBF-448D-A38C-4A42EC6183EF}.Debug|Any CPU.Build.0 = Debug|Any CPU
		{96F1D9B8-EFBF-448D-A38C-4A42EC6183EF}.Release|Any CPU.ActiveCfg = Release|Any CPU
		{96F1D9B8-EFBF-448D-A38C-4A42EC6183EF}.Release|Any CPU.Build.0 = Release|Any CPU
	EndGlobalSection
	GlobalSection(SolutionProperties) = preSolution
		HideSolutionNode = FALSE
	EndGlobalSection
	GlobalSection(ExtensibilityGlobals) = postSolution
		SolutionGuid = {521DBEA9-F7B7-40C9-AF5E-20F9314EAFEC}
	EndGlobalSection
EndGlobal
